PODS:
  - Alamofire (3.1.3)
  - GoogleMaps (1.11.1)
  - ModelMapper (1.0.1)
  - MXParallaxHeader (0.4.2)
  - SwiftyJSON (2.3.2)

DEPENDENCIES:
  - Alamofire (~> 3.0)
  - GoogleMaps
  - ModelMapper
  - MXParallaxHeader
  - SwiftyJSON (from `https://github.com/SwiftyJSON/SwiftyJSON.git`)

EXTERNAL SOURCES:
  SwiftyJSON:
    :git: https://github.com/SwiftyJSON/SwiftyJSON.git

CHECKOUT OPTIONS:
  SwiftyJSON:
    :commit: 8e618c8baf6323a5079c6549bb38d48357b31630
    :git: https://github.com/SwiftyJSON/SwiftyJSON.git

SPEC CHECKSUMS:
  Alamofire: 9f93b56389e48def9220dd57d1f44b1927229a5a
  GoogleMaps: c947160008f414c66707a5ea60f35e92055c7670
  ModelMapper: 724dba38a40af2f23b6512a3e729ac7f5a7fde5c
  MXParallaxHeader: 330ced0acbf60841b4753c9149228bb5a0f00bac
  SwiftyJSON: 04ccea08915aa0109039157c7974cf0298da292a

COCOAPODS: 0.39.0
